// !$*UTF8*$!
{
	archiveVersion = 1;
	classes = {
	};
	objectVersion = 46;
	objects = {

/* Begin PBXBuildFile section */
		4D5A3E3F077D5C6F348EE362 /* Pods_Bellerophon.framework in Frameworks */ = {isa = PBXBuildFile; fileRef = 85D75D338670194960FB348C /* Pods_Bellerophon.framework */; };
		8E0915F01B8903FB00ED7FC4 /* BellerophonModel.swift in Sources */ = {isa = PBXBuildFile; fileRef = 8E0915EF1B8903FB00ED7FC4 /* BellerophonModel.swift */; };
		8EF3B9BA1B88DA1B007A4E5D /* AppDelegate.swift in Sources */ = {isa = PBXBuildFile; fileRef = 8EF3B9B91B88DA1B007A4E5D /* AppDelegate.swift */; };
		8EF3B9BC1B88DA1B007A4E5D /* ViewController.swift in Sources */ = {isa = PBXBuildFile; fileRef = 8EF3B9BB1B88DA1B007A4E5D /* ViewController.swift */; };
		8EF3B9BF1B88DA1B007A4E5D /* Main.storyboard in Resources */ = {isa = PBXBuildFile; fileRef = 8EF3B9BD1B88DA1B007A4E5D /* Main.storyboard */; };
		8EF3B9C11B88DA1B007A4E5D /* Images.xcassets in Resources */ = {isa = PBXBuildFile; fileRef = 8EF3B9C01B88DA1B007A4E5D /* Images.xcassets */; };
		8EF3B9C41B88DA1B007A4E5D /* LaunchScreen.xib in Resources */ = {isa = PBXBuildFile; fileRef = 8EF3B9C21B88DA1B007A4E5D /* LaunchScreen.xib */; };
/* End PBXBuildFile section */

/* Begin PBXFileReference section */
		3FEDDAF70F6FE7454723AE6E /* Pods.debug.xcconfig */ = {isa = PBXFileReference; includeInIndex = 1; lastKnownFileType = text.xcconfig; name = Pods.debug.xcconfig; path = "Pods/Target Support Files/Pods/Pods.debug.xcconfig"; sourceTree = "<group>"; };
		85D75D338670194960FB348C /* Pods_Bellerophon.framework */ = {isa = PBXFileReference; explicitFileType = wrapper.framework; includeInIndex = 0; path = Pods_Bellerophon.framework; sourceTree = BUILT_PRODUCTS_DIR; };
		8E0915EF1B8903FB00ED7FC4 /* BellerophonModel.swift */ = {isa = PBXFileReference; fileEncoding = 4; lastKnownFileType = sourcecode.swift; path = BellerophonModel.swift; sourceTree = "<group>"; };
		8EF3B9B41B88DA1B007A4E5D /* Bellerophon.app */ = {isa = PBXFileReference; explicitFileType = wrapper.application; includeInIndex = 0; path = Bellerophon.app; sourceTree = BUILT_PRODUCTS_DIR; };
		8EF3B9B81B88DA1B007A4E5D /* Info.plist */ = {isa = PBXFileReference; lastKnownFileType = text.plist.xml; path = Info.plist; sourceTree = "<group>"; };
		8EF3B9B91B88DA1B007A4E5D /* AppDelegate.swift */ = {isa = PBXFileReference; lastKnownFileType = sourcecode.swift; path = AppDelegate.swift; sourceTree = "<group>"; };
		8EF3B9BB1B88DA1B007A4E5D /* ViewController.swift */ = {isa = PBXFileReference; lastKnownFileType = sourcecode.swift; path = ViewController.swift; sourceTree = "<group>"; };
		8EF3B9BE1B88DA1B007A4E5D /* Base */ = {isa = PBXFileReference; lastKnownFileType = file.storyboard; name = Base; path = Base.lproj/Main.storyboard; sourceTree = "<group>"; };
		8EF3B9C01B88DA1B007A4E5D /* Images.xcassets */ = {isa = PBXFileReference; lastKnownFileType = folder.assetcatalog; path = Images.xcassets; sourceTree = "<group>"; };
		8EF3B9C31B88DA1B007A4E5D /* Base */ = {isa = PBXFileReference; lastKnownFileType = file.xib; name = Base; path = Base.lproj/LaunchScreen.xib; sourceTree = "<group>"; };
		996864517C990A000065B674 /* Pods-Bellerophon.release.xcconfig */ = {isa = PBXFileReference; includeInIndex = 1; lastKnownFileType = text.xcconfig; name = "Pods-Bellerophon.release.xcconfig"; path = "Pods/Target Support Files/Pods-Bellerophon/Pods-Bellerophon.release.xcconfig"; sourceTree = "<group>"; };
		9C29D0C65208BD37E4CBB251 /* Pods.framework */ = {isa = PBXFileReference; explicitFileType = wrapper.framework; includeInIndex = 0; path = Pods.framework; sourceTree = BUILT_PRODUCTS_DIR; };
		BF00D8CCFF78D904A17A0CB4 /* Pods.release.xcconfig */ = {isa = PBXFileReference; includeInIndex = 1; lastKnownFileType = text.xcconfig; name = Pods.release.xcconfig; path = "Pods/Target Support Files/Pods/Pods.release.xcconfig"; sourceTree = "<group>"; };
		D7DD618AED2C3A37CD2A4A11 /* Pods-Bellerophon.debug.xcconfig */ = {isa = PBXFileReference; includeInIndex = 1; lastKnownFileType = text.xcconfig; name = "Pods-Bellerophon.debug.xcconfig"; path = "Pods/Target Support Files/Pods-Bellerophon/Pods-Bellerophon.debug.xcconfig"; sourceTree = "<group>"; };
/* End PBXFileReference section */

/* Begin PBXFrameworksBuildPhase section */
		8EF3B9B11B88DA1B007A4E5D /* Frameworks */ = {
			isa = PBXFrameworksBuildPhase;
			buildActionMask = 2147483647;
			files = (
				4D5A3E3F077D5C6F348EE362 /* Pods_Bellerophon.framework in Frameworks */,
			);
			runOnlyForDeploymentPostprocessing = 0;
		};
/* End PBXFrameworksBuildPhase section */

/* Begin PBXGroup section */
		45E991FA62276E808EB241C6 /* Frameworks */ = {
			isa = PBXGroup;
			children = (
				9C29D0C65208BD37E4CBB251 /* Pods.framework */,
				85D75D338670194960FB348C /* Pods_Bellerophon.framework */,
			);
			name = Frameworks;
			sourceTree = "<group>";
		};
		8E1C7505A531EE76EB902747 /* Pods */ = {
			isa = PBXGroup;
			children = (
				3FEDDAF70F6FE7454723AE6E /* Pods.debug.xcconfig */,
				BF00D8CCFF78D904A17A0CB4 /* Pods.release.xcconfig */,
				D7DD618AED2C3A37CD2A4A11 /* Pods-Bellerophon.debug.xcconfig */,
				996864517C990A000065B674 /* Pods-Bellerophon.release.xcconfig */,
			);
			name = Pods;
			sourceTree = "<group>";
		};
		8EF3B9AB1B88DA1B007A4E5D = {
			isa = PBXGroup;
			children = (
				8EF3B9B61B88DA1B007A4E5D /* Bellerophon */,
				8EF3B9B51B88DA1B007A4E5D /* Products */,
				45E991FA62276E808EB241C6 /* Frameworks */,
				8E1C7505A531EE76EB902747 /* Pods */,
			);
			sourceTree = "<group>";
		};
		8EF3B9B51B88DA1B007A4E5D /* Products */ = {
			isa = PBXGroup;
			children = (
				8EF3B9B41B88DA1B007A4E5D /* Bellerophon.app */,
			);
			name = Products;
			sourceTree = "<group>";
		};
		8EF3B9B61B88DA1B007A4E5D /* Bellerophon */ = {
			isa = PBXGroup;
			children = (
				8EF3B9B91B88DA1B007A4E5D /* AppDelegate.swift */,
				8EF3B9BB1B88DA1B007A4E5D /* ViewController.swift */,
				8E0915EF1B8903FB00ED7FC4 /* BellerophonModel.swift */,
				8EF3B9BD1B88DA1B007A4E5D /* Main.storyboard */,
				8EF3B9C01B88DA1B007A4E5D /* Images.xcassets */,
				8EF3B9C21B88DA1B007A4E5D /* LaunchScreen.xib */,
				8EF3B9B71B88DA1B007A4E5D /* Supporting Files */,
			);
			path = Bellerophon;
			sourceTree = "<group>";
		};
		8EF3B9B71B88DA1B007A4E5D /* Supporting Files */ = {
			isa = PBXGroup;
			children = (
				8EF3B9B81B88DA1B007A4E5D /* Info.plist */,
			);
			name = "Supporting Files";
			sourceTree = "<group>";
		};
/* End PBXGroup section */

/* Begin PBXNativeTarget section */
		8EF3B9B31B88DA1B007A4E5D /* Bellerophon */ = {
			isa = PBXNativeTarget;
			buildConfigurationList = 8EF3B9D31B88DA1B007A4E5D /* Build configuration list for PBXNativeTarget "Bellerophon" */;
			buildPhases = (
				562AECCEC40BE3DCB9870903 /* [CP] Check Pods Manifest.lock */,
				8EF3B9B01B88DA1B007A4E5D /* Sources */,
				8EF3B9B11B88DA1B007A4E5D /* Frameworks */,
				8EF3B9B21B88DA1B007A4E5D /* Resources */,
				9B09ADBD7EAFD1BE147415D3 /* [CP] Embed Pods Frameworks */,
				ECA4273D3E60FBF1E95CE374 /* Embed Pods Frameworks */,
			);
			buildRules = (
			);
			dependencies = (
			);
			name = Bellerophon;
			productName = Bellerophon;
			productReference = 8EF3B9B41B88DA1B007A4E5D /* Bellerophon.app */;
			productType = "com.apple.product-type.application";
		};
/* End PBXNativeTarget section */

/* Begin PBXProject section */
		8EF3B9AC1B88DA1B007A4E5D /* Project object */ = {
			isa = PBXProject;
			attributes = {
				LastSwiftMigration = 0700;
				LastSwiftUpdateCheck = 0700;
				LastUpgradeCheck = 1000;
				ORGANIZATIONNAME = "Prolific Interactive";
				TargetAttributes = {
					8EF3B9B31B88DA1B007A4E5D = {
						CreatedOnToolsVersion = 6.4;
						DevelopmentTeam = 5ZZ7W4SB26;
						LastSwiftMigration = 1000;
						SystemCapabilities = {
							com.apple.BackgroundModes = {
								enabled = 1;
							};
						};
					};
				};
			};
			buildConfigurationList = 8EF3B9AF1B88DA1B007A4E5D /* Build configuration list for PBXProject "Bellerophon" */;
			compatibilityVersion = "Xcode 3.2";
			developmentRegion = English;
			hasScannedForEncodings = 0;
			knownRegions = (
				en,
				Base,
			);
			mainGroup = 8EF3B9AB1B88DA1B007A4E5D;
			productRefGroup = 8EF3B9B51B88DA1B007A4E5D /* Products */;
			projectDirPath = "";
			projectRoot = "";
			targets = (
				8EF3B9B31B88DA1B007A4E5D /* Bellerophon */,
			);
		};
/* End PBXProject section */

/* Begin PBXResourcesBuildPhase section */
		8EF3B9B21B88DA1B007A4E5D /* Resources */ = {
			isa = PBXResourcesBuildPhase;
			buildActionMask = 2147483647;
			files = (
				8EF3B9BF1B88DA1B007A4E5D /* Main.storyboard in Resources */,
				8EF3B9C41B88DA1B007A4E5D /* LaunchScreen.xib in Resources */,
				8EF3B9C11B88DA1B007A4E5D /* Images.xcassets in Resources */,
			);
			runOnlyForDeploymentPostprocessing = 0;
		};
/* End PBXResourcesBuildPhase section */

/* Begin PBXShellScriptBuildPhase section */
		562AECCEC40BE3DCB9870903 /* [CP] Check Pods Manifest.lock */ = {
			isa = PBXShellScriptBuildPhase;
			buildActionMask = 2147483647;
			files = (
			);
			inputPaths = (
				"${PODS_PODFILE_DIR_PATH}/Podfile.lock",
				"${PODS_ROOT}/Manifest.lock",
			);
			name = "[CP] Check Pods Manifest.lock";
			outputPaths = (
				"$(DERIVED_FILE_DIR)/Pods-Bellerophon-checkManifestLockResult.txt",
			);
			runOnlyForDeploymentPostprocessing = 0;
			shellPath = /bin/sh;
			shellScript = "diff \"${PODS_PODFILE_DIR_PATH}/Podfile.lock\" \"${PODS_ROOT}/Manifest.lock\" > /dev/null\nif [ $? != 0 ] ; then\n    # print error to STDERR\n    echo \"error: The sandbox is not in sync with the Podfile.lock. Run 'pod install' or update your CocoaPods installation.\" >&2\n    exit 1\nfi\n# This output is used by Xcode 'outputs' to avoid re-running this script phase.\necho \"SUCCESS\" > \"${SCRIPT_OUTPUT_FILE_0}\"\n";
			showEnvVarsInLog = 0;
		};
		9B09ADBD7EAFD1BE147415D3 /* [CP] Embed Pods Frameworks */ = {
			isa = PBXShellScriptBuildPhase;
			buildActionMask = 2147483647;
			files = (
			);
			inputPaths = (
				"${SRCROOT}/Pods/Target Support Files/Pods-Bellerophon/Pods-Bellerophon-frameworks.sh",
				"${BUILT_PRODUCTS_DIR}/Alamofire/Alamofire.framework",
				"${BUILT_PRODUCTS_DIR}/Bellerophon/Bellerophon.framework",
			);
			name = "[CP] Embed Pods Frameworks";
			outputPaths = (
				"${TARGET_BUILD_DIR}/${FRAMEWORKS_FOLDER_PATH}/Alamofire.framework",
				"${TARGET_BUILD_DIR}/${FRAMEWORKS_FOLDER_PATH}/Bellerophon.framework",
			);
			runOnlyForDeploymentPostprocessing = 0;
			shellPath = /bin/sh;
			shellScript = "\"${SRCROOT}/Pods/Target Support Files/Pods-Bellerophon/Pods-Bellerophon-frameworks.sh\"\n";
			showEnvVarsInLog = 0;
		};
		ECA4273D3E60FBF1E95CE374 /* Embed Pods Frameworks */ = {
			isa = PBXShellScriptBuildPhase;
			buildActionMask = 2147483647;
			files = (
			);
			inputPaths = (
			);
			name = "Embed Pods Frameworks";
			outputPaths = (
			);
			runOnlyForDeploymentPostprocessing = 0;
			shellPath = /bin/sh;
			shellScript = "\"${SRCROOT}/Pods/Target Support Files/Pods-Bellerophon/Pods-Bellerophon-frameworks.sh\"\n";
			showEnvVarsInLog = 0;
		};
/* End PBXShellScriptBuildPhase section */

/* Begin PBXSourcesBuildPhase section */
		8EF3B9B01B88DA1B007A4E5D /* Sources */ = {
			isa = PBXSourcesBuildPhase;
			buildActionMask = 2147483647;
			files = (
				8EF3B9BC1B88DA1B007A4E5D /* ViewController.swift in Sources */,
				8E0915F01B8903FB00ED7FC4 /* BellerophonModel.swift in Sources */,
				8EF3B9BA1B88DA1B007A4E5D /* AppDelegate.swift in Sources */,
			);
			runOnlyForDeploymentPostprocessing = 0;
		};
/* End PBXSourcesBuildPhase section */

/* Begin PBXVariantGroup section */
		8EF3B9BD1B88DA1B007A4E5D /* Main.storyboard */ = {
			isa = PBXVariantGroup;
			children = (
				8EF3B9BE1B88DA1B007A4E5D /* Base */,
			);
			name = Main.storyboard;
			sourceTree = "<group>";
		};
		8EF3B9C21B88DA1B007A4E5D /* LaunchScreen.xib */ = {
			isa = PBXVariantGroup;
			children = (
				8EF3B9C31B88DA1B007A4E5D /* Base */,
			);
			name = LaunchScreen.xib;
			sourceTree = "<group>";
		};
/* End PBXVariantGroup section */

/* Begin XCBuildConfiguration section */
		8EF3B9D11B88DA1B007A4E5D /* Debug */ = {
			isa = XCBuildConfiguration;
			buildSettings = {
				ALWAYS_SEARCH_USER_PATHS = NO;
				CLANG_CXX_LANGUAGE_STANDARD = "gnu++0x";
				CLANG_CXX_LIBRARY = "libc++";
				CLANG_ENABLE_MODULES = YES;
				CLANG_ENABLE_OBJC_ARC = YES;
				CLANG_WARN_BLOCK_CAPTURE_AUTORELEASING = YES;
				CLANG_WARN_BOOL_CONVERSION = YES;
				CLANG_WARN_COMMA = YES;
				CLANG_WARN_CONSTANT_CONVERSION = YES;
				CLANG_WARN_DEPRECATED_OBJC_IMPLEMENTATIONS = YES;
				CLANG_WARN_DIRECT_OBJC_ISA_USAGE = YES_ERROR;
				CLANG_WARN_EMPTY_BODY = YES;
				CLANG_WARN_ENUM_CONVERSION = YES;
				CLANG_WARN_INFINITE_RECURSION = YES;
				CLANG_WARN_INT_CONVERSION = YES;
				CLANG_WARN_NON_LITERAL_NULL_CONVERSION = YES;
				CLANG_WARN_OBJC_IMPLICIT_RETAIN_SELF = YES;
				CLANG_WARN_OBJC_LITERAL_CONVERSION = YES;
				CLANG_WARN_OBJC_ROOT_CLASS = YES_ERROR;
				CLANG_WARN_RANGE_LOOP_ANALYSIS = YES;
				CLANG_WARN_STRICT_PROTOTYPES = YES;
				CLANG_WARN_SUSPICIOUS_MOVE = YES;
				CLANG_WARN_UNREACHABLE_CODE = YES;
				CLANG_WARN__DUPLICATE_METHOD_MATCH = YES;
				"CODE_SIGN_IDENTITY[sdk=iphoneos*]" = "iPhone Developer";
				COPY_PHASE_STRIP = NO;
				DEBUG_INFORMATION_FORMAT = "dwarf-with-dsym";
				ENABLE_STRICT_OBJC_MSGSEND = YES;
				ENABLE_TESTABILITY = YES;
				GCC_C_LANGUAGE_STANDARD = gnu99;
				GCC_DYNAMIC_NO_PIC = NO;
				GCC_NO_COMMON_BLOCKS = YES;
				GCC_OPTIMIZATION_LEVEL = 0;
				GCC_PREPROCESSOR_DEFINITIONS = (
					"DEBUG=1",
					"$(inherited)",
				);
				GCC_SYMBOLS_PRIVATE_EXTERN = NO;
				GCC_WARN_64_TO_32_BIT_CONVERSION = YES;
				GCC_WARN_ABOUT_RETURN_TYPE = YES_ERROR;
				GCC_WARN_UNDECLARED_SELECTOR = YES;
				GCC_WARN_UNINITIALIZED_AUTOS = YES_AGGRESSIVE;
				GCC_WARN_UNUSED_FUNCTION = YES;
				GCC_WARN_UNUSED_VARIABLE = YES;
				IPHONEOS_DEPLOYMENT_TARGET = 9.0;
				MTL_ENABLE_DEBUG_INFO = YES;
				ONLY_ACTIVE_ARCH = YES;
				SDKROOT = iphoneos;
				SWIFT_OPTIMIZATION_LEVEL = "-Onone";
			};
			name = Debug;
		};
		8EF3B9D21B88DA1B007A4E5D /* Release */ = {
			isa = XCBuildConfiguration;
			buildSettings = {
				ALWAYS_SEARCH_USER_PATHS = NO;
				CLANG_CXX_LANGUAGE_STANDARD = "gnu++0x";
				CLANG_CXX_LIBRARY = "libc++";
				CLANG_ENABLE_MODULES = YES;
				CLANG_ENABLE_OBJC_ARC = YES;
				CLANG_WARN_BLOCK_CAPTURE_AUTORELEASING = YES;
				CLANG_WARN_BOOL_CONVERSION = YES;
				CLANG_WARN_COMMA = YES;
				CLANG_WARN_CONSTANT_CONVERSION = YES;
				CLANG_WARN_DEPRECATED_OBJC_IMPLEMENTATIONS = YES;
				CLANG_WARN_DIRECT_OBJC_ISA_USAGE = YES_ERROR;
				CLANG_WARN_EMPTY_BODY = YES;
				CLANG_WARN_ENUM_CONVERSION = YES;
				CLANG_WARN_INFINITE_RECURSION = YES;
				CLANG_WARN_INT_CONVERSION = YES;
				CLANG_WARN_NON_LITERAL_NULL_CONVERSION = YES;
				CLANG_WARN_OBJC_IMPLICIT_RETAIN_SELF = YES;
				CLANG_WARN_OBJC_LITERAL_CONVERSION = YES;
				CLANG_WARN_OBJC_ROOT_CLASS = YES_ERROR;
				CLANG_WARN_RANGE_LOOP_ANALYSIS = YES;
				CLANG_WARN_STRICT_PROTOTYPES = YES;
				CLANG_WARN_SUSPICIOUS_MOVE = YES;
				CLANG_WARN_UNREACHABLE_CODE = YES;
				CLANG_WARN__DUPLICATE_METHOD_MATCH = YES;
				"CODE_SIGN_IDENTITY[sdk=iphoneos*]" = "iPhone Developer";
				COPY_PHASE_STRIP = NO;
				DEBUG_INFORMATION_FORMAT = "dwarf-with-dsym";
				ENABLE_NS_ASSERTIONS = NO;
				ENABLE_STRICT_OBJC_MSGSEND = YES;
				GCC_C_LANGUAGE_STANDARD = gnu99;
				GCC_NO_COMMON_BLOCKS = YES;
				GCC_WARN_64_TO_32_BIT_CONVERSION = YES;
				GCC_WARN_ABOUT_RETURN_TYPE = YES_ERROR;
				GCC_WARN_UNDECLARED_SELECTOR = YES;
				GCC_WARN_UNINITIALIZED_AUTOS = YES_AGGRESSIVE;
				GCC_WARN_UNUSED_FUNCTION = YES;
				GCC_WARN_UNUSED_VARIABLE = YES;
				IPHONEOS_DEPLOYMENT_TARGET = 9.0;
				MTL_ENABLE_DEBUG_INFO = NO;
				SDKROOT = iphoneos;
				VALIDATE_PRODUCT = YES;
			};
			name = Release;
		};
		8EF3B9D41B88DA1B007A4E5D /* Debug */ = {
			isa = XCBuildConfiguration;
			baseConfigurationReference = D7DD618AED2C3A37CD2A4A11 /* Pods-Bellerophon.debug.xcconfig */;
			buildSettings = {
				ASSETCATALOG_COMPILER_APPICON_NAME = AppIcon;
				DEBUG_INFORMATION_FORMAT = dwarf;
				DEVELOPMENT_TEAM = 5ZZ7W4SB26;
				INFOPLIST_FILE = Bellerophon/Info.plist;
				LD_RUNPATH_SEARCH_PATHS = "$(inherited) @executable_path/Frameworks";
				PRODUCT_BUNDLE_IDENTIFIER = "com.prolificinteractive.$(PRODUCT_NAME:rfc1034identifier)";
				PRODUCT_MODULE_NAME = BellerophonExample;
				PRODUCT_NAME = "$(TARGET_NAME)";
				SWIFT_VERSION = 4.2;
			};
			name = Debug;
		};
		8EF3B9D51B88DA1B007A4E5D /* Release */ = {
			isa = XCBuildConfiguration;
			baseConfigurationReference = 996864517C990A000065B674 /* Pods-Bellerophon.release.xcconfig */;
			buildSettings = {
				ASSETCATALOG_COMPILER_APPICON_NAME = AppIcon;
				DEBUG_INFORMATION_FORMAT = dwarf;
				DEVELOPMENT_TEAM = 5ZZ7W4SB26;
				INFOPLIST_FILE = Bellerophon/Info.plist;
				LD_RUNPATH_SEARCH_PATHS = "$(inherited) @executable_path/Frameworks";
				PRODUCT_BUNDLE_IDENTIFIER = "com.prolificinteractive.$(PRODUCT_NAME:rfc1034identifier)";
				PRODUCT_MODULE_NAME = BellerophonExample;
				PRODUCT_NAME = "$(TARGET_NAME)";
				SWIFT_OPTIMIZATION_LEVEL = "-Owholemodule";
				SWIFT_VERSION = 4.2;
			};
			name = Release;
		};
/* End XCBuildConfiguration section */

/* Begin XCConfigurationList section */
		8EF3B9AF1B88DA1B007A4E5D /* Build configuration list for PBXProject "Bellerophon" */ = {
			isa = XCConfigurationList;
			buildConfigurations = (
				8EF3B9D11B88DA1B007A4E5D /* Debug */,
				8EF3B9D21B88DA1B007A4E5D /* Release */,
			);
			defaultConfigurationIsVisible = 0;
			defaultConfigurationName = Release;
		};
		8EF3B9D31B88DA1B007A4E5D /* Build configuration list for PBXNativeTarget "Bellerophon" */ = {
			isa = XCConfigurationList;
			buildConfigurations = (
				8EF3B9D41B88DA1B007A4E5D /* Debug */,
				8EF3B9D51B88DA1B007A4E5D /* Release */,
			);
			defaultConfigurationIsVisible = 0;
			defaultConfigurationName = Release;
		};
/* End XCConfigurationList section */
	};
	rootObject = 8EF3B9AC1B88DA1B007A4E5D /* Project object */;
}
